<?xml version="1.0" encoding="utf-8"?>
<Project ToolsVersion="4.0" xmlns="http://schemas.microsoft.com/developer/msbuild/2003">
  <ItemGroup>
    <Filter Include="源文件">
      <UniqueIdentifier>{4FC737F1-C7A5-4376-A066-2A32D752A2FF}</UniqueIdentifier>
      <Extensions>cpp;c;cc;cxx;c++;cppm;ixx;def;odl;idl;hpj;bat;asm;asmx</Extensions>
    </Filter>
    <Filter Include="头文件">
      <UniqueIdentifier>{93995380-89BD-4b04-88EB-625FBE52EBFB}</UniqueIdentifier>
      <Extensions>h;hh;hpp;hxx;h++;hm;inl;inc;ipp;xsd</Extensions>
    </Filter>
    <Filter Include="资源文件">
      <UniqueIdentifier>{67DA6AB6-F800-4c08-8B7A-83BB121AAD01}</UniqueIdentifier>
      <Extensions>rc;ico;cur;bmp;dlg;rc2;rct;bin;rgs;gif;jpg;jpeg;jpe;resx;tiff;tif;png;wav;mfcribbon-ms</Extensions>
    </Filter>
    <Filter Include="Tests">
      <UniqueIdentifier>{78928e81-929c-41db-b840-8056bc7329b3}</UniqueIdentifier>
    </Filter>
    <Filter Include="ThirdParty">
      <UniqueIdentifier>{d74d3ae1-83cb-47e8-afb0-10519e16fdc8}</UniqueIdentifier>
    </Filter>
    <Filter Include="头文件\Math">
      <UniqueIdentifier>{8059d415-6a58-48a1-abc5-b394ed53b7ba}</UniqueIdentifier>
    </Filter>
    <Filter Include="源文件\Viewer">
      <UniqueIdentifier>{15846378-d6e7-439b-a79d-559371d4af23}</UniqueIdentifier>
    </Filter>
    <Filter Include="源文件\Math">
      <UniqueIdentifier>{da3c284e-4c6b-48ed-b098-866bb65b4647}</UniqueIdentifier>
    </Filter>
  </ItemGroup>
  <ItemGroup>
    <ClCompile Include="tests\TestMatrix3.cpp">
      <Filter>Tests</Filter>
    </ClCompile>
    <ClCompile Include="tests\TestMatrix4.cpp">
      <Filter>Tests</Filter>
    </ClCompile>
    <ClCompile Include="tests\TestQuaternion.cpp">
      <Filter>Tests</Filter>
    </ClCompile>
    <ClCompile Include="tests\TestVector3.cpp">
      <Filter>Tests</Filter>
    </ClCompile>
    <ClCompile Include="src\Matrix3.cpp">
      <Filter>源文件\Math</Filter>
    </ClCompile>
    <ClCompile Include="src\Matrix4.cpp">
      <Filter>源文件\Math</Filter>
    </ClCompile>
    <ClCompile Include="src\Quaternion.cpp">
      <Filter>源文件\Math</Filter>
    </ClCompile>
    <ClCompile Include="src\Renderer.cpp">
      <Filter>源文件\Viewer</Filter>
    </ClCompile>
    <ClCompile Include="thirdparty\glad\glad.c">
      <Filter>ThirdParty</Filter>
    </ClCompile>
    <ClCompile Include="src\main.cpp">
      <Filter>源文件</Filter>
    </ClCompile>
    <ClCompile Include="Viewer.cpp">
      <Filter>源文件\Viewer</Filter>
    </ClCompile>
    <ClCompile Include="tests\TestPlane.cpp">
      <Filter>Tests</Filter>
    </ClCompile>
    <ClCompile Include="src\AABB.cpp">
      <Filter>源文件\Math</Filter>
    </ClCompile>
    <ClCompile Include="src\Plane.cpp">
      <Filter>源文件\Math</Filter>
    </ClCompile>
    <ClCompile Include="src\Triangle3.cpp">
      <Filter>源文件\Math</Filter>
    </ClCompile>
    <ClCompile Include="tests\TestAABB.cpp">
      <Filter>Tests</Filter>
    </ClCompile>
    <ClCompile Include="tests\TestTriangle3.cpp">
      <Filter>Tests</Filter>
    </ClCompile>
    <ClCompile Include="src\Ray.cpp">
      <Filter>源文件\Math</Filter>
    </ClCompile>
    <ClCompile Include="tests\TestRay.cpp">
      <Filter>Tests</Filter>
    </ClCompile>
  </ItemGroup>
  <ItemGroup>
    <ClInclude Include="include\GeoBase\Common.h">
      <Filter>头文件\Math</Filter>
    </ClInclude>
    <ClInclude Include="include\GeoBase\Matrix3.h">
      <Filter>头文件\Math</Filter>
    </ClInclude>
    <ClInclude Include="include\GeoBase\Matrix4.h">
      <Filter>头文件\Math</Filter>
    </ClInclude>
    <ClInclude Include="include\GeoBase\Quaternion.h">
      <Filter>头文件\Math</Filter>
    </ClInclude>
    <ClInclude Include="include\GeoBase\Vector3.h">
      <Filter>头文件\Math</Filter>
    </ClInclude>
    <ClInclude Include="thirdparty\glad\glad.h">
      <Filter>ThirdParty</Filter>
    </ClInclude>
    <ClInclude Include="Renderer.h">
      <Filter>源文件\Viewer</Filter>
    </ClInclude>
    <ClInclude Include="Viewer.h">
      <Filter>源文件\Viewer</Filter>
    </ClInclude>
    <ClInclude Include="include\GeoBase\Plane.h">
      <Filter>头文件\Math</Filter>
    </ClInclude>
    <ClInclude Include="include\GeoBase\AABB.h">
      <Filter>头文件\Math</Filter>
    </ClInclude>
    <ClInclude Include="include\GeoBase\Triangle3.h">
      <Filter>头文件\Math</Filter>
    </ClInclude>
    <ClInclude Include="include\GeoBase\Ray.h">
      <Filter>头文件\Math</Filter>
    </ClInclude>
  </ItemGroup>
</Project>